
Microsoft Visual Studio Solution File, Format Version 12.00
# Visual Studio Version 17
VisualStudioVersion = 17.2.32602.215
MinimumVisualStudioVersion = 10.0.40219.1
Project("{9A19103F-16F7-4668-BE54-9A1E7A4F7556}") = "Maximal sum of elements", "Maximal sum of elements\Maximal sum of elements.csproj", "{7A8C635C-B82F-4647-AED3-1029B26D487A}"
EndProject
Project("{FAE04EC0-301F-11D3-BF4B-00C04F79EFBC}") = "TestMaxSum", "TestMaxSum\TestMaxSum.csproj", "{38F0ACCD-26CA-46F2-A585-782E105F8242}"
EndProject
Global
	GlobalSection(SolutionConfigurationPlatforms) = preSolution
		Debug|Any CPU = Debug|Any CPU
		Release|Any CPU = Release|Any CPU
	EndGlobalSection
	GlobalSection(ProjectConfigurationPlatforms) = postSolution
		{7A8C635C-B82F-4647-AED3-1029B26D487A}.Debug|Any CPU.ActiveCfg = Debug|Any CPU
		{7A8C635C-B82F-4647-AED3-1029B26D487A}.Debug|Any CPU.Build.0 = Debug|Any CPU
		{7A8C635C-B82F-4647-AED3-1029B26D487A}.Release|Any CPU.ActiveCfg = Release|Any CPU
		{7A8C635C-B82F-4647-AED3-1029B26D487A}.Release|Any CPU.Build.0 = Release|Any CPU
		{38F0ACCD-26CA-46F2-A585-782E105F8242}.Debug|Any CPU.ActiveCfg = Debug|Any CPU
		{38F0ACCD-26CA-46F2-A585-782E105F8242}.Debug|Any CPU.Build.0 = Debug|Any CPU
		{38F0ACCD-26CA-46F2-A585-782E105F8242}.Release|Any CPU.ActiveCfg = Release|Any CPU
		{38F0ACCD-26CA-46F2-A585-782E105F8242}.Release|Any CPU.Build.0 = Release|Any CPU
	EndGlobalSection
	GlobalSection(SolutionProperties) = preSolution
		HideSolutionNode = FALSE
	EndGlobalSection
	GlobalSection(ExtensibilityGlobals) = postSolution
		SolutionGuid = {D80C6E30-5AB2-4E08-BA7E-E200E024015D}
	EndGlobalSection
EndGlobal
